<?xml version="1.0" encoding="UTF-8" standalone="yes" ?>
<CodeBlocks_project_file>
	<FileVersion major="1" minor="6" />
	<Project>
		<Option title="gumboParser" />
		<Option pch_mode="2" />
		<Option compiler="gcc" />
		<Build>
			<Target title="Debug">
				<Option output="bin/Debug/gumboParser" prefix_auto="1" extension_auto="1" />
				<Option working_dir="" />
				<Option object_output="obj/Debug/" />
				<Option type="2" />
				<Option compiler="gcc" />
				<Option createDefFile="1" />
				<Compiler>
					<Add option="-g" />
					<Add option="-std=gnu99" />
				</Compiler>
			</Target>
			<Target title="Release">
				<Option output="bin/Release/gumboParser" prefix_auto="1" extension_auto="1" />
				<Option working_dir="" />
				<Option object_output="obj/Release/" />
				<Option type="2" />
				<Option compiler="gcc" />
				<Option createDefFile="1" />
				<Compiler>
					<Add option="-O2" />
					<Add option="-std=gnu99" />
				</Compiler>
				<Linker>
					<Add option="-s" />
				</Linker>
			</Target>
			<Target title="Raspberry">
				<Option output="bin/raspberry/gumboParser" prefix_auto="1" extension_auto="1" />
				<Option working_dir="" />
				<Option object_output="obj/raspberry/" />
				<Option type="2" />
				<Option compiler="raspberry_gcc_compiler" />
				<Option createDefFile="1" />
				<Compiler>
					<Add option="-O2" />
					<Add option="-std=gnu99" />
				</Compiler>
				<Linker>
					<Add option="-s" />
				</Linker>
			</Target>
		</Build>
		<Compiler>
			<Add option="-Wall" />
		</Compiler>
		<Unit filename="src/attribute.c">
			<Option compilerVar="CC" />
		</Unit>
		<Unit filename="src/attribute.h" />
		<Unit filename="src/char_ref.c">
			<Option compilerVar="CC" />
		</Unit>
		<Unit filename="src/char_ref.h" />
		<Unit filename="src/error.c">
			<Option compilerVar="CC" />
		</Unit>
		<Unit filename="src/error.h" />
		<Unit filename="src/gumbo.h" />
		<Unit filename="src/insertion_mode.h" />
		<Unit filename="src/parser.c">
			<Option compilerVar="CC" />
		</Unit>
		<Unit filename="src/parser.h" />
		<Unit filename="src/string_buffer.c">
			<Option compilerVar="CC" />
		</Unit>
		<Unit filename="src/string_buffer.h" />
		<Unit filename="src/string_piece.c">
			<Option compilerVar="CC" />
		</Unit>
		<Unit filename="src/string_piece.h" />
		<Unit filename="src/tag.c">
			<Option compilerVar="CC" />
		</Unit>
		<Unit filename="src/token_type.h" />
		<Unit filename="src/tokenizer.c">
			<Option compilerVar="CC" />
		</Unit>
		<Unit filename="src/tokenizer.h" />
		<Unit filename="src/tokenizer_states.h" />
		<Unit filename="src/utf8.c">
			<Option compilerVar="CC" />
		</Unit>
		<Unit filename="src/utf8.h" />
		<Unit filename="src/util.c">
			<Option compilerVar="CC" />
		</Unit>
		<Unit filename="src/util.h" />
		<Unit filename="src/vector.c">
			<Option compilerVar="CC" />
		</Unit>
		<Unit filename="src/vector.h" />
		<Extensions>
			<code_completion />
			<envvars />
			<debugger />
			<lib_finder disable_auto="1" />
		</Extensions>
	</Project>
</CodeBlocks_project_file>
